dependencies:
  espressif/ds18b20:
    component_hash: d676429d9f1f686b65ed895e418eb4b331477bcd5d63c27f43dc3d6a2de8f13b
    source:
      service_url: https://api.components.espressif.com/
      type: service
    version: 0.1.1
  espressif/onewire_bus:
    component_hash: HASH
    source:
      service_url: https://api.components.espressif.com/
      type: service
    version: 1.0.2
  idf:
    component_hash: null
    source:
      type: idf
    version: 5.2.1
  protocol_examples_common:
    component_hash: null
    source:
      path: C:\Users\tiago\esp\v5.2.1\esp-idf\examples\common_components\protocol_examples_common
      type: local
    version: '*'
manifest_hash: 687556f8f8f0bf75ad1772e0a0018308a6fed8e00fe85bf083e801bf026779ae
target: esp32
version: 1.0.0
